{
  "version": 3,
  "targets": {
    "net8.0": {
      "QRCoder/1.4.3": {
        "type": "package",
        "compile": {
          "lib/net6.0/QRCoder.dll": {}
        },
        "runtime": {
          "lib/net6.0/QRCoder.dll": {}
        }
      }
    }
  },
  "libraries": {
    "QRCoder/1.4.3": {
      "sha512": "fWuFqjm8GTlEb2GqBl3Hi8HZZeZQwBSHxvRPtPjyNbT82H0ff0JwavKRBmMaXCno1Av6McPC8aJzri0Mj2w9Jw==",
      "type": "package",
      "path": "qrcoder/1.4.3",
      "files": [
        ".nupkg.metadata",
        ".signature.p7s",
        "lib/net35/QRCoder.dll",
        "lib/net40/QRCoder.dll",
        "lib/net5.0-windows7.0/QRCoder.dll",
        "lib/net5.0/QRCoder.dll",
        "lib/net6.0-windows7.0/QRCoder.dll",
        "lib/net6.0/QRCoder.dll",
        "lib/netstandard1.3/QRCoder.dll",
        "lib/netstandard2.0/QRCoder.dll",
        "nuget-icon.png",
        "nuget-readme.md",
        "qrcoder.1.4.3.nupkg.sha512",
        "qrcoder.nuspec"
      ]
    }
  },
  "projectFileDependencyGroups": {
    "net8.0": [
      "QRCoder >= 1.4.3"
    ]
  },
  "packageFolders": {
    "F:\\AIxiangmu\\phoneshell\\.nuget\\packages": {}
  },
  "project": {
    "version": "0.4.0",
    "restore": {
      "projectUniqueName": "F:\\AIxiangmu\\phoneshell\\pc\\src\\PhoneShell.Core\\PhoneShell.Core.csproj",
      "projectName": "PhoneShell.Core",
      "projectPath": "F:\\AIxiangmu\\phoneshell\\pc\\src\\PhoneShell.Core\\PhoneShell.Core.csproj",
      "packagesPath": "F:\\AIxiangmu\\phoneshell\\.nuget\\packages",
      "outputPath": "F:\\AIxiangmu\\phoneshell\\pc\\artifacts\\debug-obj\\",
      "projectStyle": "PackageReference",
      "configFilePaths": [
        "F:\\AIxiangmu\\phoneshell\\NuGet.Config",
        "C:\\Users\\小符\\AppData\\Roaming\\NuGet\\NuGet.Config"
      ],
      "originalTargetFrameworks": [
        "net8.0"
      ],
      "sources": {
        "https://api.nuget.org/v3/index.json": {}
      },
      "frameworks": {
        "net8.0": {
          "targetAlias": "net8.0",
          "projectReferences": {}
        }
      },
      "warningProperties": {
        "warnAsError": [
          "NU1605"
        ]
      },
      "restoreAuditProperties": {
        "enableAudit": "true",
        "auditLevel": "low",
        "auditMode": "direct"
      },
      "SdkAnalysisLevel": "10.0.100"
    },
    "frameworks": {
      "net8.0": {
        "targetAlias": "net8.0",
        "dependencies": {
          "QRCoder": {
            "target": "Package",
            "version": "[1.4.3, )"
          }
        },
        "imports": [
          "net461",
          "net462",
          "net47",
          "net471",
          "net472",
          "net48",
          "net481"
        ],
        "assetTargetFallback": true,
        "warn": true,
        "downloadDependencies": [
          {
            "name": "Microsoft.AspNetCore.App.Ref",
            "version": "[8.0.25, 8.0.25]"
          },
          {
            "name": "Microsoft.NETCore.App.Ref",
            "version": "[8.0.25, 8.0.25]"
          },
          {
            "name": "Microsoft.WindowsDesktop.App.Ref",
            "version": "[8.0.25, 8.0.25]"
          }
        ],
        "frameworkReferences": {
          "Microsoft.NETCore.App": {
            "privateAssets": "all"
          }
        },
        "runtimeIdentifierGraphPath": "C:\\Program Files\\dotnet\\sdk\\10.0.104/PortableRuntimeIdentifierGraph.json"
      }
    }
  }
}